// !$*UTF8*$!
{
	archiveVersion = 1;
	classes = {
	};
	objectVersion = 56;
	objects = {

/* Begin PBXBuildFile section */
		C57ABC132BC085A400A9E197 /* ConjugatePlannerApp.swift in Sources */ = {isa = PBXBuildFile; fileRef = C57ABC122BC085A400A9E197 /* ConjugatePlannerApp.swift */; };
		C57ABC152BC085A400A9E197 /* WorkoutListView.swift in Sources */ = {isa = PBXBuildFile; fileRef = C57ABC142BC085A400A9E197 /* WorkoutListView.swift */; };
		C57ABC172BC085A600A9E197 /* Assets.xcassets in Resources */ = {isa = PBXBuildFile; fileRef = C57ABC162BC085A600A9E197 /* Assets.xcassets */; };
		C57ABC1A2BC085A600A9E197 /* Preview Assets.xcassets in Resources */ = {isa = PBXBuildFile; fileRef = C57ABC192BC085A600A9E197 /* Preview Assets.xcassets */; };
		C57ABC212BC088F500A9E197 /* Workout.swift in Sources */ = {isa = PBXBuildFile; fileRef = C57ABC202BC088F500A9E197 /* Workout.swift */; };
		C57ABC262BC0919700A9E197 /* WorkoutData.swift in Sources */ = {isa = PBXBuildFile; fileRef = C57ABC252BC0919700A9E197 /* WorkoutData.swift */; };
		C57ABC282BC0958300A9E197 /* WorkoutDetailView.swift in Sources */ = {isa = PBXBuildFile; fileRef = C57ABC272BC0958300A9E197 /* WorkoutDetailView.swift */; };
		C57ABC2A2BC1CA2800A9E197 /* AppColor.swift in Sources */ = {isa = PBXBuildFile; fileRef = C57ABC292BC1CA2800A9E197 /* AppColor.swift */; };
		C57ABC2C2BC1CD6D00A9E197 /* WorkoutCategoryGridView.swift in Sources */ = {isa = PBXBuildFile; fileRef = C57ABC2B2BC1CD6D00A9E197 /* WorkoutCategoryGridView.swift */; };
/* End PBXBuildFile section */

/* Begin PBXFileReference section */
		C57ABC0F2BC085A400A9E197 /* ConjugatePlanner.app */ = {isa = PBXFileReference; explicitFileType = wrapper.application; includeInIndex = 0; path = ConjugatePlanner.app; sourceTree = BUILT_PRODUCTS_DIR; };
		C57ABC122BC085A400A9E197 /* ConjugatePlannerApp.swift */ = {isa = PBXFileReference; lastKnownFileType = sourcecode.swift; path = ConjugatePlannerApp.swift; sourceTree = "<group>"; };
		C57ABC142BC085A400A9E197 /* WorkoutListView.swift */ = {isa = PBXFileReference; lastKnownFileType = sourcecode.swift; path = WorkoutListView.swift; sourceTree = "<group>"; };
		C57ABC162BC085A600A9E197 /* Assets.xcassets */ = {isa = PBXFileReference; lastKnownFileType = folder.assetcatalog; path = Assets.xcassets; sourceTree = "<group>"; };
		C57ABC192BC085A600A9E197 /* Preview Assets.xcassets */ = {isa = PBXFileReference; lastKnownFileType = folder.assetcatalog; path = "Preview Assets.xcassets"; sourceTree = "<group>"; };
		C57ABC202BC088F500A9E197 /* Workout.swift */ = {isa = PBXFileReference; lastKnownFileType = sourcecode.swift; path = Workout.swift; sourceTree = "<group>"; };
		C57ABC252BC0919700A9E197 /* WorkoutData.swift */ = {isa = PBXFileReference; lastKnownFileType = sourcecode.swift; path = WorkoutData.swift; sourceTree = "<group>"; };
		C57ABC272BC0958300A9E197 /* WorkoutDetailView.swift */ = {isa = PBXFileReference; lastKnownFileType = sourcecode.swift; path = WorkoutDetailView.swift; sourceTree = "<group>"; };
		C57ABC292BC1CA2800A9E197 /* AppColor.swift */ = {isa = PBXFileReference; lastKnownFileType = sourcecode.swift; path = AppColor.swift; sourceTree = "<group>"; };
		C57ABC2B2BC1CD6D00A9E197 /* WorkoutCategoryGridView.swift */ = {isa = PBXFileReference; lastKnownFileType = sourcecode.swift; path = WorkoutCategoryGridView.swift; sourceTree = "<group>"; };
/* End PBXFileReference section */

/* Begin PBXFrameworksBuildPhase section */
		C57ABC0C2BC085A400A9E197 /* Frameworks */ = {
			isa = PBXFrameworksBuildPhase;
			buildActionMask = 2147483647;
			files = (
			);
			runOnlyForDeploymentPostprocessing = 0;
		};
/* End PBXFrameworksBuildPhase section */

/* Begin PBXGroup section */
		C57ABC062BC085A400A9E197 = {
			isa = PBXGroup;
			children = (
				C57ABC112BC085A400A9E197 /* ConjugatePlanner */,
				C57ABC102BC085A400A9E197 /* Products */,
			);
			sourceTree = "<group>";
		};
		C57ABC102BC085A400A9E197 /* Products */ = {
			isa = PBXGroup;
			children = (
				C57ABC0F2BC085A400A9E197 /* ConjugatePlanner.app */,
			);
			name = Products;
			sourceTree = "<group>";
		};
		C57ABC112BC085A400A9E197 /* ConjugatePlanner */ = {
			isa = PBXGroup;
			children = (
				C57ABC242BC0907B00A9E197 /* Models */,
				C57ABC232BC0906C00A9E197 /* ViewModels */,
				C57ABC222BC0904D00A9E197 /* Views */,
				C57ABC122BC085A400A9E197 /* ConjugatePlannerApp.swift */,
				C57ABC162BC085A600A9E197 /* Assets.xcassets */,
				C57ABC182BC085A600A9E197 /* Preview Content */,
			);
			path = ConjugatePlanner;
			sourceTree = "<group>";
		};
		C57ABC182BC085A600A9E197 /* Preview Content */ = {
			isa = PBXGroup;
			children = (
				C57ABC192BC085A600A9E197 /* Preview Assets.xcassets */,
			);
			path = "Preview Content";
			sourceTree = "<group>";
		};
		C57ABC222BC0904D00A9E197 /* Views */ = {
			isa = PBXGroup;
			children = (
				C57ABC142BC085A400A9E197 /* WorkoutListView.swift */,
				C57ABC272BC0958300A9E197 /* WorkoutDetailView.swift */,
				C57ABC2B2BC1CD6D00A9E197 /* WorkoutCategoryGridView.swift */,
			);
			path = Views;
			sourceTree = "<group>";
		};
		C57ABC232BC0906C00A9E197 /* ViewModels */ = {
			isa = PBXGroup;
			children = (
				C57ABC252BC0919700A9E197 /* WorkoutData.swift */,
				C57ABC292BC1CA2800A9E197 /* AppColor.swift */,
			);
			path = ViewModels;
			sourceTree = "<group>";
		};
		C57ABC242BC0907B00A9E197 /* Models */ = {
			isa = PBXGroup;
			children = (
				C57ABC202BC088F500A9E197 /* Workout.swift */,
			);
			path = Models;
			sourceTree = "<group>";
		};
/* End PBXGroup section */

/* Begin PBXNativeTarget section */
		C57ABC0E2BC085A400A9E197 /* ConjugatePlanner */ = {
			isa = PBXNativeTarget;
			buildConfigurationList = C57ABC1D2BC085A600A9E197 /* Build configuration list for PBXNativeTarget "ConjugatePlanner" */;
			buildPhases = (
				C57ABC0B2BC085A400A9E197 /* Sources */,
				C57ABC0C2BC085A400A9E197 /* Frameworks */,
				C57ABC0D2BC085A400A9E197 /* Resources */,
			);
			buildRules = (
			);
			dependencies = (
			);
			name = ConjugatePlanner;
			productName = ConjugatePlanner;
			productReference = C57ABC0F2BC085A400A9E197 /* ConjugatePlanner.app */;
			productType = "com.apple.product-type.application";
		};
/* End PBXNativeTarget section */

/* Begin PBXProject section */
		C57ABC072BC085A400A9E197 /* Project object */ = {
			isa = PBXProject;
			attributes = {
				BuildIndependentTargetsInParallel = 1;
				LastSwiftUpdateCheck = 1430;
				LastUpgradeCheck = 1430;
				TargetAttributes = {
					C57ABC0E2BC085A400A9E197 = {
						CreatedOnToolsVersion = 14.3.1;
					};
				};
			};
			buildConfigurationList = C57ABC0A2BC085A400A9E197 /* Build configuration list for PBXProject "ConjugatePlanner" */;
			compatibilityVersion = "Xcode 14.0";
			developmentRegion = en;
			hasScannedForEncodings = 0;
			knownRegions = (
				en,
				Base,
			);
			mainGroup = C57ABC062BC085A400A9E197;
			productRefGroup = C57ABC102BC085A400A9E197 /* Products */;
			projectDirPath = "";
			projectRoot = "";
			targets = (
				C57ABC0E2BC085A400A9E197 /* ConjugatePlanner */,
			);
		};
/* End PBXProject section */

/* Begin PBXResourcesBuildPhase section */
		C57ABC0D2BC085A400A9E197 /* Resources */ = {
			isa = PBXResourcesBuildPhase;
			buildActionMask = 2147483647;
			files = (
				C57ABC1A2BC085A600A9E197 /* Preview Assets.xcassets in Resources */,
				C57ABC172BC085A600A9E197 /* Assets.xcassets in Resources */,
			);
			runOnlyForDeploymentPostprocessing = 0;
		};
/* End PBXResourcesBuildPhase section */

/* Begin PBXSourcesBuildPhase section */
		C57ABC0B2BC085A400A9E197 /* Sources */ = {
			isa = PBXSourcesBuildPhase;
			buildActionMask = 2147483647;
			files = (
				C57ABC152BC085A400A9E197 /* WorkoutListView.swift in Sources */,
				C57ABC282BC0958300A9E197 /* WorkoutDetailView.swift in Sources */,
				C57ABC262BC0919700A9E197 /* WorkoutData.swift in Sources */,
				C57ABC132BC085A400A9E197 /* ConjugatePlannerApp.swift in Sources */,
				C57ABC2C2BC1CD6D00A9E197 /* WorkoutCategoryGridView.swift in Sources */,
				C57ABC212BC088F500A9E197 /* Workout.swift in Sources */,
				C57ABC2A2BC1CA2800A9E197 /* AppColor.swift in Sources */,
			);
			runOnlyForDeploymentPostprocessing = 0;
		};
/* End PBXSourcesBuildPhase section */

/* Begin XCBuildConfiguration section */
		C57ABC1B2BC085A600A9E197 /* Debug */ = {
			isa = XCBuildConfiguration;
			buildSettings = {
				ALWAYS_SEARCH_USER_PATHS = NO;
				CLANG_ANALYZER_NONNULL = YES;
				CLANG_ANALYZER_NUMBER_OBJECT_CONVERSION = YES_AGGRESSIVE;
				CLANG_CXX_LANGUAGE_STANDARD = "gnu++20";
				CLANG_ENABLE_MODULES = YES;
				CLANG_ENABLE_OBJC_ARC = YES;
				CLANG_ENABLE_OBJC_WEAK = YES;
				CLANG_WARN_BLOCK_CAPTURE_AUTORELEASING = YES;
				CLANG_WARN_BOOL_CONVERSION = YES;
				CLANG_WARN_COMMA = YES;
				CLANG_WARN_CONSTANT_CONVERSION = YES;
				CLANG_WARN_DEPRECATED_OBJC_IMPLEMENTATIONS = YES;
				CLANG_WARN_DIRECT_OBJC_ISA_USAGE = YES_ERROR;
				CLANG_WARN_DOCUMENTATION_COMMENTS = YES;
				CLANG_WARN_EMPTY_BODY = YES;
				CLANG_WARN_ENUM_CONVERSION = YES;
				CLANG_WARN_INFINITE_RECURSION = YES;
				CLANG_WARN_INT_CONVERSION = YES;
				CLANG_WARN_NON_LITERAL_NULL_CONVERSION = YES;
				CLANG_WARN_OBJC_IMPLICIT_RETAIN_SELF = YES;
				CLANG_WARN_OBJC_LITERAL_CONVERSION = YES;
				CLANG_WARN_OBJC_ROOT_CLASS = YES_ERROR;
				CLANG_WARN_QUOTED_INCLUDE_IN_FRAMEWORK_HEADER = YES;
				CLANG_WARN_RANGE_LOOP_ANALYSIS = YES;
				CLANG_WARN_STRICT_PROTOTYPES = YES;
				CLANG_WARN_SUSPICIOUS_MOVE = YES;
				CLANG_WARN_UNGUARDED_AVAILABILITY = YES_AGGRESSIVE;
				CLANG_WARN_UNREACHABLE_CODE = YES;
				CLANG_WARN__DUPLICATE_METHOD_MATCH = YES;
				COPY_PHASE_STRIP = NO;
				DEBUG_INFORMATION_FORMAT = dwarf;
				ENABLE_STRICT_OBJC_MSGSEND = YES;
				ENABLE_TESTABILITY = YES;
				GCC_C_LANGUAGE_STANDARD = gnu11;
				GCC_DYNAMIC_NO_PIC = NO;
				GCC_NO_COMMON_BLOCKS = YES;
				GCC_OPTIMIZATION_LEVEL = 0;
				GCC_PREPROCESSOR_DEFINITIONS = (
					"DEBUG=1",
					"$(inherited)",
				);
				GCC_WARN_64_TO_32_BIT_CONVERSION = YES;
				GCC_WARN_ABOUT_RETURN_TYPE = YES_ERROR;
				GCC_WARN_UNDECLARED_SELECTOR = YES;
				GCC_WARN_UNINITIALIZED_AUTOS = YES_AGGRESSIVE;
				GCC_WARN_UNUSED_FUNCTION = YES;
				GCC_WARN_UNUSED_VARIABLE = YES;
				IPHONEOS_DEPLOYMENT_TARGET = 16.4;
				MTL_ENABLE_DEBUG_INFO = INCLUDE_SOURCE;
				MTL_FAST_MATH = YES;
				ONLY_ACTIVE_ARCH = YES;
				SDKROOT = iphoneos;
				SWIFT_ACTIVE_COMPILATION_CONDITIONS = DEBUG;
				SWIFT_OPTIMIZATION_LEVEL = "-Onone";
			};
			name = Debug;
		};
		C57ABC1C2BC085A600A9E197 /* Release */ = {
			isa = XCBuildConfiguration;
			buildSettings = {
				ALWAYS_SEARCH_USER_PATHS = NO;
				CLANG_ANALYZER_NONNULL = YES;
				CLANG_ANALYZER_NUMBER_OBJECT_CONVERSION = YES_AGGRESSIVE;
				CLANG_CXX_LANGUAGE_STANDARD = "gnu++20";
				CLANG_ENABLE_MODULES = YES;
				CLANG_ENABLE_OBJC_ARC = YES;
				CLANG_ENABLE_OBJC_WEAK = YES;
				CLANG_WARN_BLOCK_CAPTURE_AUTORELEASING = YES;
				CLANG_WARN_BOOL_CONVERSION = YES;
				CLANG_WARN_COMMA = YES;
				CLANG_WARN_CONSTANT_CONVERSION = YES;
				CLANG_WARN_DEPRECATED_OBJC_IMPLEMENTATIONS = YES;
				CLANG_WARN_DIRECT_OBJC_ISA_USAGE = YES_ERROR;
				CLANG_WARN_DOCUMENTATION_COMMENTS = YES;
				CLANG_WARN_EMPTY_BODY = YES;
				CLANG_WARN_ENUM_CONVERSION = YES;
				CLANG_WARN_INFINITE_RECURSION = YES;
				CLANG_WARN_INT_CONVERSION = YES;
				CLANG_WARN_NON_LITERAL_NULL_CONVERSION = YES;
				CLANG_WARN_OBJC_IMPLICIT_RETAIN_SELF = YES;
				CLANG_WARN_OBJC_LITERAL_CONVERSION = YES;
				CLANG_WARN_OBJC_ROOT_CLASS = YES_ERROR;
				CLANG_WARN_QUOTED_INCLUDE_IN_FRAMEWORK_HEADER = YES;
				CLANG_WARN_RANGE_LOOP_ANALYSIS = YES;
				CLANG_WARN_STRICT_PROTOTYPES = YES;
				CLANG_WARN_SUSPICIOUS_MOVE = YES;
				CLANG_WARN_UNGUARDED_AVAILABILITY = YES_AGGRESSIVE;
				CLANG_WARN_UNREACHABLE_CODE = YES;
				CLANG_WARN__DUPLICATE_METHOD_MATCH = YES;
				COPY_PHASE_STRIP = NO;
				DEBUG_INFORMATION_FORMAT = "dwarf-with-dsym";
				ENABLE_NS_ASSERTIONS = NO;
				ENABLE_STRICT_OBJC_MSGSEND = YES;
				GCC_C_LANGUAGE_STANDARD = gnu11;
				GCC_NO_COMMON_BLOCKS = YES;
				GCC_WARN_64_TO_32_BIT_CONVERSION = YES;
				GCC_WARN_ABOUT_RETURN_TYPE = YES_ERROR;
				GCC_WARN_UNDECLARED_SELECTOR = YES;
				GCC_WARN_UNINITIALIZED_AUTOS = YES_AGGRESSIVE;
				GCC_WARN_UNUSED_FUNCTION = YES;
				GCC_WARN_UNUSED_VARIABLE = YES;
				IPHONEOS_DEPLOYMENT_TARGET = 16.4;
				MTL_ENABLE_DEBUG_INFO = NO;
				MTL_FAST_MATH = YES;
				SDKROOT = iphoneos;
				SWIFT_COMPILATION_MODE = wholemodule;
				SWIFT_OPTIMIZATION_LEVEL = "-O";
				VALIDATE_PRODUCT = YES;
			};
			name = Release;
		};
		C57ABC1E2BC085A600A9E197 /* Debug */ = {
			isa = XCBuildConfiguration;
			buildSettings = {
				ASSETCATALOG_COMPILER_APPICON_NAME = AppIcon;
				ASSETCATALOG_COMPILER_GLOBAL_ACCENT_COLOR_NAME = AccentColor;
				CODE_SIGN_STYLE = Automatic;
				CURRENT_PROJECT_VERSION = 1;
				DEVELOPMENT_ASSET_PATHS = "\"ConjugatePlanner/Preview Content\"";
				DEVELOPMENT_TEAM = SRBDCF4V45;
				ENABLE_PREVIEWS = YES;
				GENERATE_INFOPLIST_FILE = YES;
				INFOPLIST_KEY_UIApplicationSceneManifest_Generation = YES;
				INFOPLIST_KEY_UIApplicationSupportsIndirectInputEvents = YES;
				INFOPLIST_KEY_UILaunchScreen_Generation = YES;
				INFOPLIST_KEY_UISupportedInterfaceOrientations_iPad = "UIInterfaceOrientationPortrait UIInterfaceOrientationPortraitUpsideDown UIInterfaceOrientationLandscapeLeft UIInterfaceOrientationLandscapeRight";
				INFOPLIST_KEY_UISupportedInterfaceOrientations_iPhone = "UIInterfaceOrientationPortrait UIInterfaceOrientationLandscapeLeft UIInterfaceOrientationLandscapeRight";
				LD_RUNPATH_SEARCH_PATHS = (
					"$(inherited)",
					"@executable_path/Frameworks",
				);
				MARKETING_VERSION = 1.0;
				PRODUCT_BUNDLE_IDENTIFIER = com.DavidSugden.ConjugatePlanner;
				PRODUCT_NAME = "$(TARGET_NAME)";
				SWIFT_EMIT_LOC_STRINGS = YES;
				SWIFT_VERSION = 5.0;
				TARGETED_DEVICE_FAMILY = "1,2";
			};
			name = Debug;
		};
		C57ABC1F2BC085A600A9E197 /* Release */ = {
			isa = XCBuildConfiguration;
			buildSettings = {
				ASSETCATALOG_COMPILER_APPICON_NAME = AppIcon;
				ASSETCATALOG_COMPILER_GLOBAL_ACCENT_COLOR_NAME = AccentColor;
				CODE_SIGN_STYLE = Automatic;
				CURRENT_PROJECT_VERSION = 1;
				DEVELOPMENT_ASSET_PATHS = "\"ConjugatePlanner/Preview Content\"";
				DEVELOPMENT_TEAM = SRBDCF4V45;
				ENABLE_PREVIEWS = YES;
				GENERATE_INFOPLIST_FILE = YES;
				INFOPLIST_KEY_UIApplicationSceneManifest_Generation = YES;
				INFOPLIST_KEY_UIApplicationSupportsIndirectInputEvents = YES;
				INFOPLIST_KEY_UILaunchScreen_Generation = YES;
				INFOPLIST_KEY_UISupportedInterfaceOrientations_iPad = "UIInterfaceOrientationPortrait UIInterfaceOrientationPortraitUpsideDown UIInterfaceOrientationLandscapeLeft UIInterfaceOrientationLandscapeRight";
				INFOPLIST_KEY_UISupportedInterfaceOrientations_iPhone = "UIInterfaceOrientationPortrait UIInterfaceOrientationLandscapeLeft UIInterfaceOrientationLandscapeRight";
				LD_RUNPATH_SEARCH_PATHS = (
					"$(inherited)",
					"@executable_path/Frameworks",
				);
				MARKETING_VERSION = 1.0;
				PRODUCT_BUNDLE_IDENTIFIER = com.DavidSugden.ConjugatePlanner;
				PRODUCT_NAME = "$(TARGET_NAME)";
				SWIFT_EMIT_LOC_STRINGS = YES;
				SWIFT_VERSION = 5.0;
				TARGETED_DEVICE_FAMILY = "1,2";
			};
			name = Release;
		};
/* End XCBuildConfiguration section */

/* Begin XCConfigurationList section */
		C57ABC0A2BC085A400A9E197 /* Build configuration list for PBXProject "ConjugatePlanner" */ = {
			isa = XCConfigurationList;
			buildConfigurations = (
				C57ABC1B2BC085A600A9E197 /* Debug */,
				C57ABC1C2BC085A600A9E197 /* Release */,
			);
			defaultConfigurationIsVisible = 0;
			defaultConfigurationName = Release;
		};
		C57ABC1D2BC085A600A9E197 /* Build configuration list for PBXNativeTarget "ConjugatePlanner" */ = {
			isa = XCConfigurationList;
			buildConfigurations = (
				C57ABC1E2BC085A600A9E197 /* Debug */,
				C57ABC1F2BC085A600A9E197 /* Release */,
			);
			defaultConfigurationIsVisible = 0;
			defaultConfigurationName = Release;
		};
/* End XCConfigurationList section */
	};
	rootObject = C57ABC072BC085A400A9E197 /* Project object */;
}
